<?xml version="1.0" encoding="utf-8"?>
<Project ToolsVersion="4.0" xmlns="http://schemas.microsoft.com/developer/msbuild/2003">
  <ItemGroup>
    <Filter Include="Source Files">
      <UniqueIdentifier>{4FC737F1-C7A5-4376-A066-2A32D752A2FF}</UniqueIdentifier>
      <Extensions>cpp;c;cc;cxx;def;odl;idl;hpj;bat;asm;asmx</Extensions>
    </Filter>
    <Filter Include="Header Files">
      <UniqueIdentifier>{93995380-89BD-4b04-88EB-625FBE52EBFB}</UniqueIdentifier>
      <Extensions>h;hpp;hxx;hm;inl;inc;xsd</Extensions>
    </Filter>
    <Filter Include="Resource Files">
      <UniqueIdentifier>{67DA6AB6-F800-4c08-8B7A-83BB121AAD01}</UniqueIdentifier>
      <Extensions>rc;ico;cur;bmp;dlg;rc2;rct;bin;rgs;gif;jpg;jpeg;jpe;resx;tiff;tif;png;wav;mfcribbon-ms</Extensions>
    </Filter>
  </ItemGroup>
  <ItemGroup>
    <Text Include="ReadMe.txt" />
  </ItemGroup>
  <ItemGroup>
    <ClInclude Include="stdafx.h">
      <Filter>Header Files</Filter>
    </ClInclude>
    <ClInclude Include="targetver.h">
      <Filter>Header Files</Filter>
    </ClInclude>
    <ClInclude Include="GraphOCR.h">
      <Filter>Header Files</Filter>
    </ClInclude>
    <ClInclude Include="thresholder.h">
      <Filter>Header Files</Filter>
    </ClInclude>
    <ClInclude Include="ccutil\memry.h">
      <Filter>Header Files</Filter>
    </ClInclude>
    <ClInclude Include="ccutil\strngs.h">
      <Filter>Header Files</Filter>
    </ClInclude>
    <ClInclude Include="image\imgs.h">
      <Filter>Header Files</Filter>
    </ClInclude>
    <ClInclude Include="ccstruct\otsuthr.h">
      <Filter>Header Files</Filter>
    </ClInclude>
    <ClInclude Include="ccutil\errcode.h">
      <Filter>Header Files</Filter>
    </ClInclude>
    <ClInclude Include="ccutil\params.h">
      <Filter>Header Files</Filter>
    </ClInclude>
    <ClInclude Include="ccutil\mfcpch.h">
      <Filter>Header Files</Filter>
    </ClInclude>
    <ClInclude Include="ccutil\tprintf.h">
      <Filter>Header Files</Filter>
    </ClInclude>
    <ClInclude Include="graphBlock.h">
      <Filter>Header Files</Filter>
    </ClInclude>
    <ClInclude Include="OCRConfig.h">
      <Filter>Header Files</Filter>
    </ClInclude>
    <ClInclude Include="MatchResult.h">
      <Filter>Header Files</Filter>
    </ClInclude>
  </ItemGroup>
  <ItemGroup>
    <ClCompile Include="stdafx.cpp">
      <Filter>Source Files</Filter>
    </ClCompile>
    <ClCompile Include="LeptTest.cpp">
      <Filter>Source Files</Filter>
    </ClCompile>
    <ClCompile Include="GraphOCR.cpp">
      <Filter>Source Files</Filter>
    </ClCompile>
    <ClCompile Include="thresholder.cpp">
      <Filter>Source Files</Filter>
    </ClCompile>
    <ClCompile Include="ccutil\memry.cpp">
      <Filter>Source Files</Filter>
    </ClCompile>
    <ClCompile Include="ccutil\strngs.cpp">
      <Filter>Source Files</Filter>
    </ClCompile>
    <ClCompile Include="image\imgs.cpp">
      <Filter>Source Files</Filter>
    </ClCompile>
    <ClCompile Include="ccstruct\otsuthr.cpp">
      <Filter>Source Files</Filter>
    </ClCompile>
    <ClCompile Include="ccutil\errcode.cpp">
      <Filter>Source Files</Filter>
    </ClCompile>
    <ClCompile Include="ccutil\params.cpp">
      <Filter>Source Files</Filter>
    </ClCompile>
    <ClCompile Include="ccutil\mfcpch.cpp">
      <Filter>Source Files</Filter>
    </ClCompile>
    <ClCompile Include="ccutil\tprintf.cpp">
      <Filter>Source Files</Filter>
    </ClCompile>
    <ClCompile Include="graphBlock.cpp">
      <Filter>Source Files</Filter>
    </ClCompile>
    <ClCompile Include="OCRConfig.cpp">
      <Filter>Source Files</Filter>
    </ClCompile>
    <ClCompile Include="MatchResult.cpp">
      <Filter>Source Files</Filter>
    </ClCompile>
  </ItemGroup>
</Project>